# THIS IS AN AUTOGENERATED FILE. DO NOT EDIT THIS FILE DIRECTLY.
# yarn lockfile v1


"@types/weixin-app@^2.2.28":
  version "2.2.28"
  resolved "https://registry.yarnpkg.com/@types/weixin-app/-/weixin-app-2.2.28.tgz#ecbcd08318cf9528ac8e4b60c4c7181c0a11f1aa"
  integrity sha512-p9x2xzxmYJ/COE3XECj2BWoW2Ecqb/S3apqwYQuclhwQTxMuuuGqielS+hd1AC4ilGJwDL0ax0Qpx7l0aP74TA==

typescript@^3.7.2:
  version "3.7.3"
  resolved "https://registry.yarnpkg.com/typescript/-/typescript-3.7.3.tgz#b36840668a16458a7025b9eabfad11b66ab85c69"
  integrity sha512-Mcr/Qk7hXqFBXMN7p7Lusj1ktCBydylfQM/FZCk5glCNQJrCUKPkMHdo9R0MTFWsC/4kPFvDS0fDPvukfCkFsw==
